// !$*UTF8*$!
{
	archiveVersion = 1;
	classes = {
	};
	objectVersion = 56;
	objects = {

/* Begin PBXBuildFile section */
		328AF00329498365000717C1 /* AppDelegate.swift in Sources */ = {isa = PBXBuildFile; fileRef = 328AF00229498365000717C1 /* AppDelegate.swift */; };
		328AF00529498365000717C1 /* SceneDelegate.swift in Sources */ = {isa = PBXBuildFile; fileRef = 328AF00429498365000717C1 /* SceneDelegate.swift */; };
		328AF00729498365000717C1 /* FirstScreen.swift in Sources */ = {isa = PBXBuildFile; fileRef = 328AF00629498365000717C1 /* FirstScreen.swift */; };
		328AF00C29498365000717C1 /* Assets.xcassets in Resources */ = {isa = PBXBuildFile; fileRef = 328AF00B29498365000717C1 /* Assets.xcassets */; };
		328AF00F29498365000717C1 /* LaunchScreen.storyboard in Resources */ = {isa = PBXBuildFile; fileRef = 328AF00D29498365000717C1 /* LaunchScreen.storyboard */; };
		328AF01A29498365000717C1 /* TestProgramaticallyUIKITTests.swift in Sources */ = {isa = PBXBuildFile; fileRef = 328AF01929498365000717C1 /* TestProgramaticallyUIKITTests.swift */; };
		328AF02429498366000717C1 /* TestProgramaticallyUIKITUITests.swift in Sources */ = {isa = PBXBuildFile; fileRef = 328AF02329498366000717C1 /* TestProgramaticallyUIKITUITests.swift */; };
		328AF02629498366000717C1 /* TestProgramaticallyUIKITUITestsLaunchTests.swift in Sources */ = {isa = PBXBuildFile; fileRef = 328AF02529498366000717C1 /* TestProgramaticallyUIKITUITestsLaunchTests.swift */; };
		328AF03529498A50000717C1 /* SecondScreen.swift in Sources */ = {isa = PBXBuildFile; fileRef = 328AF03429498A50000717C1 /* SecondScreen.swift */; };
/* End PBXBuildFile section */

/* Begin PBXContainerItemProxy section */
		328AF01629498365000717C1 /* PBXContainerItemProxy */ = {
			isa = PBXContainerItemProxy;
			containerPortal = 328AEFF729498365000717C1 /* Project object */;
			proxyType = 1;
			remoteGlobalIDString = 328AEFFE29498365000717C1;
			remoteInfo = TestProgramaticallyUIKIT;
		};
		328AF02029498366000717C1 /* PBXContainerItemProxy */ = {
			isa = PBXContainerItemProxy;
			containerPortal = 328AEFF729498365000717C1 /* Project object */;
			proxyType = 1;
			remoteGlobalIDString = 328AEFFE29498365000717C1;
			remoteInfo = TestProgramaticallyUIKIT;
		};
/* End PBXContainerItemProxy section */

/* Begin PBXFileReference section */
		328AEFFF29498365000717C1 /* TestProgramaticallyUIKIT.app */ = {isa = PBXFileReference; explicitFileType = wrapper.application; includeInIndex = 0; path = TestProgramaticallyUIKIT.app; sourceTree = BUILT_PRODUCTS_DIR; };
		328AF00229498365000717C1 /* AppDelegate.swift */ = {isa = PBXFileReference; lastKnownFileType = sourcecode.swift; path = AppDelegate.swift; sourceTree = "<group>"; };
		328AF00429498365000717C1 /* SceneDelegate.swift */ = {isa = PBXFileReference; lastKnownFileType = sourcecode.swift; path = SceneDelegate.swift; sourceTree = "<group>"; };
		328AF00629498365000717C1 /* FirstScreen.swift */ = {isa = PBXFileReference; lastKnownFileType = sourcecode.swift; path = FirstScreen.swift; sourceTree = "<group>"; };
		328AF00B29498365000717C1 /* Assets.xcassets */ = {isa = PBXFileReference; lastKnownFileType = folder.assetcatalog; path = Assets.xcassets; sourceTree = "<group>"; };
		328AF00E29498365000717C1 /* Base */ = {isa = PBXFileReference; lastKnownFileType = file.storyboard; name = Base; path = Base.lproj/LaunchScreen.storyboard; sourceTree = "<group>"; };
		328AF01029498365000717C1 /* Info.plist */ = {isa = PBXFileReference; lastKnownFileType = text.plist.xml; path = Info.plist; sourceTree = "<group>"; };
		328AF01529498365000717C1 /* TestProgramaticallyUIKITTests.xctest */ = {isa = PBXFileReference; explicitFileType = wrapper.cfbundle; includeInIndex = 0; path = TestProgramaticallyUIKITTests.xctest; sourceTree = BUILT_PRODUCTS_DIR; };
		328AF01929498365000717C1 /* TestProgramaticallyUIKITTests.swift */ = {isa = PBXFileReference; lastKnownFileType = sourcecode.swift; path = TestProgramaticallyUIKITTests.swift; sourceTree = "<group>"; };
		328AF01F29498366000717C1 /* TestProgramaticallyUIKITUITests.xctest */ = {isa = PBXFileReference; explicitFileType = wrapper.cfbundle; includeInIndex = 0; path = TestProgramaticallyUIKITUITests.xctest; sourceTree = BUILT_PRODUCTS_DIR; };
		328AF02329498366000717C1 /* TestProgramaticallyUIKITUITests.swift */ = {isa = PBXFileReference; lastKnownFileType = sourcecode.swift; path = TestProgramaticallyUIKITUITests.swift; sourceTree = "<group>"; };
		328AF02529498366000717C1 /* TestProgramaticallyUIKITUITestsLaunchTests.swift */ = {isa = PBXFileReference; lastKnownFileType = sourcecode.swift; path = TestProgramaticallyUIKITUITestsLaunchTests.swift; sourceTree = "<group>"; };
		328AF03429498A50000717C1 /* SecondScreen.swift */ = {isa = PBXFileReference; lastKnownFileType = sourcecode.swift; path = SecondScreen.swift; sourceTree = "<group>"; };
/* End PBXFileReference section */

/* Begin PBXFrameworksBuildPhase section */
		328AEFFC29498365000717C1 /* Frameworks */ = {
			isa = PBXFrameworksBuildPhase;
			buildActionMask = 2147483647;
			files = (
			);
			runOnlyForDeploymentPostprocessing = 0;
		};
		328AF01229498365000717C1 /* Frameworks */ = {
			isa = PBXFrameworksBuildPhase;
			buildActionMask = 2147483647;
			files = (
			);
			runOnlyForDeploymentPostprocessing = 0;
		};
		328AF01C29498366000717C1 /* Frameworks */ = {
			isa = PBXFrameworksBuildPhase;
			buildActionMask = 2147483647;
			files = (
			);
			runOnlyForDeploymentPostprocessing = 0;
		};
/* End PBXFrameworksBuildPhase section */

/* Begin PBXGroup section */
		328AEFF629498365000717C1 = {
			isa = PBXGroup;
			children = (
				328AF00129498365000717C1 /* TestProgramaticallyUIKIT */,
				328AF01829498365000717C1 /* TestProgramaticallyUIKITTests */,
				328AF02229498366000717C1 /* TestProgramaticallyUIKITUITests */,
				328AF00029498365000717C1 /* Products */,
			);
			sourceTree = "<group>";
		};
		328AF00029498365000717C1 /* Products */ = {
			isa = PBXGroup;
			children = (
				328AEFFF29498365000717C1 /* TestProgramaticallyUIKIT.app */,
				328AF01529498365000717C1 /* TestProgramaticallyUIKITTests.xctest */,
				328AF01F29498366000717C1 /* TestProgramaticallyUIKITUITests.xctest */,
			);
			name = Products;
			sourceTree = "<group>";
		};
		328AF00129498365000717C1 /* TestProgramaticallyUIKIT */ = {
			isa = PBXGroup;
			children = (
				328AF03329498388000717C1 /* Assete */,
				328AF0322949836D000717C1 /* Core */,
				328AF00D29498365000717C1 /* LaunchScreen.storyboard */,
				328AF01029498365000717C1 /* Info.plist */,
			);
			path = TestProgramaticallyUIKIT;
			sourceTree = "<group>";
		};
		328AF01829498365000717C1 /* TestProgramaticallyUIKITTests */ = {
			isa = PBXGroup;
			children = (
				328AF01929498365000717C1 /* TestProgramaticallyUIKITTests.swift */,
			);
			path = TestProgramaticallyUIKITTests;
			sourceTree = "<group>";
		};
		328AF02229498366000717C1 /* TestProgramaticallyUIKITUITests */ = {
			isa = PBXGroup;
			children = (
				328AF02329498366000717C1 /* TestProgramaticallyUIKITUITests.swift */,
				328AF02529498366000717C1 /* TestProgramaticallyUIKITUITestsLaunchTests.swift */,
			);
			path = TestProgramaticallyUIKITUITests;
			sourceTree = "<group>";
		};
		328AF0322949836D000717C1 /* Core */ = {
			isa = PBXGroup;
			children = (
				328AF00229498365000717C1 /* AppDelegate.swift */,
				328AF00429498365000717C1 /* SceneDelegate.swift */,
				328AF00629498365000717C1 /* FirstScreen.swift */,
				328AF03429498A50000717C1 /* SecondScreen.swift */,
			);
			path = Core;
			sourceTree = "<group>";
		};
		328AF03329498388000717C1 /* Assete */ = {
			isa = PBXGroup;
			children = (
				328AF00B29498365000717C1 /* Assets.xcassets */,
			);
			path = Assete;
			sourceTree = "<group>";
		};
/* End PBXGroup section */

/* Begin PBXNativeTarget section */
		328AEFFE29498365000717C1 /* TestProgramaticallyUIKIT */ = {
			isa = PBXNativeTarget;
			buildConfigurationList = 328AF02929498366000717C1 /* Build configuration list for PBXNativeTarget "TestProgramaticallyUIKIT" */;
			buildPhases = (
				328AEFFB29498365000717C1 /* Sources */,
				328AEFFC29498365000717C1 /* Frameworks */,
				328AEFFD29498365000717C1 /* Resources */,
			);
			buildRules = (
			);
			dependencies = (
			);
			name = TestProgramaticallyUIKIT;
			productName = TestProgramaticallyUIKIT;
			productReference = 328AEFFF29498365000717C1 /* TestProgramaticallyUIKIT.app */;
			productType = "com.apple.product-type.application";
		};
		328AF01429498365000717C1 /* TestProgramaticallyUIKITTests */ = {
			isa = PBXNativeTarget;
			buildConfigurationList = 328AF02C29498366000717C1 /* Build configuration list for PBXNativeTarget "TestProgramaticallyUIKITTests" */;
			buildPhases = (
				328AF01129498365000717C1 /* Sources */,
				328AF01229498365000717C1 /* Frameworks */,
				328AF01329498365000717C1 /* Resources */,
			);
			buildRules = (
			);
			dependencies = (
				328AF01729498365000717C1 /* PBXTargetDependency */,
			);
			name = TestProgramaticallyUIKITTests;
			productName = TestProgramaticallyUIKITTests;
			productReference = 328AF01529498365000717C1 /* TestProgramaticallyUIKITTests.xctest */;
			productType = "com.apple.product-type.bundle.unit-test";
		};
		328AF01E29498366000717C1 /* TestProgramaticallyUIKITUITests */ = {
			isa = PBXNativeTarget;
			buildConfigurationList = 328AF02F29498366000717C1 /* Build configuration list for PBXNativeTarget "TestProgramaticallyUIKITUITests" */;
			buildPhases = (
				328AF01B29498366000717C1 /* Sources */,
				328AF01C29498366000717C1 /* Frameworks */,
				328AF01D29498366000717C1 /* Resources */,
			);
			buildRules = (
			);
			dependencies = (
				328AF02129498366000717C1 /* PBXTargetDependency */,
			);
			name = TestProgramaticallyUIKITUITests;
			productName = TestProgramaticallyUIKITUITests;
			productReference = 328AF01F29498366000717C1 /* TestProgramaticallyUIKITUITests.xctest */;
			productType = "com.apple.product-type.bundle.ui-testing";
		};
/* End PBXNativeTarget section */

/* Begin PBXProject section */
		328AEFF729498365000717C1 /* Project object */ = {
			isa = PBXProject;
			attributes = {
				BuildIndependentTargetsInParallel = 1;
				LastSwiftUpdateCheck = 1410;
				LastUpgradeCheck = 1410;
				TargetAttributes = {
					328AEFFE29498365000717C1 = {
						CreatedOnToolsVersion = 14.1;
					};
					328AF01429498365000717C1 = {
						CreatedOnToolsVersion = 14.1;
						TestTargetID = 328AEFFE29498365000717C1;
					};
					328AF01E29498366000717C1 = {
						CreatedOnToolsVersion = 14.1;
						TestTargetID = 328AEFFE29498365000717C1;
					};
				};
			};
			buildConfigurationList = 328AEFFA29498365000717C1 /* Build configuration list for PBXProject "TestProgramaticallyUIKIT" */;
			compatibilityVersion = "Xcode 14.0";
			developmentRegion = en;
			hasScannedForEncodings = 0;
			knownRegions = (
				en,
				Base,
			);
			mainGroup = 328AEFF629498365000717C1;
			productRefGroup = 328AF00029498365000717C1 /* Products */;
			projectDirPath = "";
			projectRoot = "";
			targets = (
				328AEFFE29498365000717C1 /* TestProgramaticallyUIKIT */,
				328AF01429498365000717C1 /* TestProgramaticallyUIKITTests */,
				328AF01E29498366000717C1 /* TestProgramaticallyUIKITUITests */,
			);
		};
/* End PBXProject section */

/* Begin PBXResourcesBuildPhase section */
		328AEFFD29498365000717C1 /* Resources */ = {
			isa = PBXResourcesBuildPhase;
			buildActionMask = 2147483647;
			files = (
				328AF00F29498365000717C1 /* LaunchScreen.storyboard in Resources */,
				328AF00C29498365000717C1 /* Assets.xcassets in Resources */,
			);
			runOnlyForDeploymentPostprocessing = 0;
		};
		328AF01329498365000717C1 /* Resources */ = {
			isa = PBXResourcesBuildPhase;
			buildActionMask = 2147483647;
			files = (
			);
			runOnlyForDeploymentPostprocessing = 0;
		};
		328AF01D29498366000717C1 /* Resources */ = {
			isa = PBXResourcesBuildPhase;
			buildActionMask = 2147483647;
			files = (
			);
			runOnlyForDeploymentPostprocessing = 0;
		};
/* End PBXResourcesBuildPhase section */

/* Begin PBXSourcesBuildPhase section */
		328AEFFB29498365000717C1 /* Sources */ = {
			isa = PBXSourcesBuildPhase;
			buildActionMask = 2147483647;
			files = (
				328AF00729498365000717C1 /* FirstScreen.swift in Sources */,
				328AF03529498A50000717C1 /* SecondScreen.swift in Sources */,
				328AF00329498365000717C1 /* AppDelegate.swift in Sources */,
				328AF00529498365000717C1 /* SceneDelegate.swift in Sources */,
			);
			runOnlyForDeploymentPostprocessing = 0;
		};
		328AF01129498365000717C1 /* Sources */ = {
			isa = PBXSourcesBuildPhase;
			buildActionMask = 2147483647;
			files = (
				328AF01A29498365000717C1 /* TestProgramaticallyUIKITTests.swift in Sources */,
			);
			runOnlyForDeploymentPostprocessing = 0;
		};
		328AF01B29498366000717C1 /* Sources */ = {
			isa = PBXSourcesBuildPhase;
			buildActionMask = 2147483647;
			files = (
				328AF02429498366000717C1 /* TestProgramaticallyUIKITUITests.swift in Sources */,
				328AF02629498366000717C1 /* TestProgramaticallyUIKITUITestsLaunchTests.swift in Sources */,
			);
			runOnlyForDeploymentPostprocessing = 0;
		};
/* End PBXSourcesBuildPhase section */

/* Begin PBXTargetDependency section */
		328AF01729498365000717C1 /* PBXTargetDependency */ = {
			isa = PBXTargetDependency;
			target = 328AEFFE29498365000717C1 /* TestProgramaticallyUIKIT */;
			targetProxy = 328AF01629498365000717C1 /* PBXContainerItemProxy */;
		};
		328AF02129498366000717C1 /* PBXTargetDependency */ = {
			isa = PBXTargetDependency;
			target = 328AEFFE29498365000717C1 /* TestProgramaticallyUIKIT */;
			targetProxy = 328AF02029498366000717C1 /* PBXContainerItemProxy */;
		};
/* End PBXTargetDependency section */

/* Begin PBXVariantGroup section */
		328AF00D29498365000717C1 /* LaunchScreen.storyboard */ = {
			isa = PBXVariantGroup;
			children = (
				328AF00E29498365000717C1 /* Base */,
			);
			name = LaunchScreen.storyboard;
			sourceTree = "<group>";
		};
/* End PBXVariantGroup section */

/* Begin XCBuildConfiguration section */
		328AF02729498366000717C1 /* Debug */ = {
			isa = XCBuildConfiguration;
			buildSettings = {
				ALWAYS_SEARCH_USER_PATHS = NO;
				CLANG_ANALYZER_NONNULL = YES;
				CLANG_ANALYZER_NUMBER_OBJECT_CONVERSION = YES_AGGRESSIVE;
				CLANG_CXX_LANGUAGE_STANDARD = "gnu++20";
				CLANG_ENABLE_MODULES = YES;
				CLANG_ENABLE_OBJC_ARC = YES;
				CLANG_ENABLE_OBJC_WEAK = YES;
				CLANG_WARN_BLOCK_CAPTURE_AUTORELEASING = YES;
				CLANG_WARN_BOOL_CONVERSION = YES;
				CLANG_WARN_COMMA = YES;
				CLANG_WARN_CONSTANT_CONVERSION = YES;
				CLANG_WARN_DEPRECATED_OBJC_IMPLEMENTATIONS = YES;
				CLANG_WARN_DIRECT_OBJC_ISA_USAGE = YES_ERROR;
				CLANG_WARN_DOCUMENTATION_COMMENTS = YES;
				CLANG_WARN_EMPTY_BODY = YES;
				CLANG_WARN_ENUM_CONVERSION = YES;
				CLANG_WARN_INFINITE_RECURSION = YES;
				CLANG_WARN_INT_CONVERSION = YES;
				CLANG_WARN_NON_LITERAL_NULL_CONVERSION = YES;
				CLANG_WARN_OBJC_IMPLICIT_RETAIN_SELF = YES;
				CLANG_WARN_OBJC_LITERAL_CONVERSION = YES;
				CLANG_WARN_OBJC_ROOT_CLASS = YES_ERROR;
				CLANG_WARN_QUOTED_INCLUDE_IN_FRAMEWORK_HEADER = YES;
				CLANG_WARN_RANGE_LOOP_ANALYSIS = YES;
				CLANG_WARN_STRICT_PROTOTYPES = YES;
				CLANG_WARN_SUSPICIOUS_MOVE = YES;
				CLANG_WARN_UNGUARDED_AVAILABILITY = YES_AGGRESSIVE;
				CLANG_WARN_UNREACHABLE_CODE = YES;
				CLANG_WARN__DUPLICATE_METHOD_MATCH = YES;
				COPY_PHASE_STRIP = NO;
				DEBUG_INFORMATION_FORMAT = dwarf;
				ENABLE_STRICT_OBJC_MSGSEND = YES;
				ENABLE_TESTABILITY = YES;
				GCC_C_LANGUAGE_STANDARD = gnu11;
				GCC_DYNAMIC_NO_PIC = NO;
				GCC_NO_COMMON_BLOCKS = YES;
				GCC_OPTIMIZATION_LEVEL = 0;
				GCC_PREPROCESSOR_DEFINITIONS = (
					"DEBUG=1",
					"$(inherited)",
				);
				GCC_WARN_64_TO_32_BIT_CONVERSION = YES;
				GCC_WARN_ABOUT_RETURN_TYPE = YES_ERROR;
				GCC_WARN_UNDECLARED_SELECTOR = YES;
				GCC_WARN_UNINITIALIZED_AUTOS = YES_AGGRESSIVE;
				GCC_WARN_UNUSED_FUNCTION = YES;
				GCC_WARN_UNUSED_VARIABLE = YES;
				IPHONEOS_DEPLOYMENT_TARGET = 16.1;
				MTL_ENABLE_DEBUG_INFO = INCLUDE_SOURCE;
				MTL_FAST_MATH = YES;
				ONLY_ACTIVE_ARCH = YES;
				SDKROOT = iphoneos;
				SWIFT_ACTIVE_COMPILATION_CONDITIONS = DEBUG;
				SWIFT_OPTIMIZATION_LEVEL = "-Onone";
			};
			name = Debug;
		};
		328AF02829498366000717C1 /* Release */ = {
			isa = XCBuildConfiguration;
			buildSettings = {
				ALWAYS_SEARCH_USER_PATHS = NO;
				CLANG_ANALYZER_NONNULL = YES;
				CLANG_ANALYZER_NUMBER_OBJECT_CONVERSION = YES_AGGRESSIVE;
				CLANG_CXX_LANGUAGE_STANDARD = "gnu++20";
				CLANG_ENABLE_MODULES = YES;
				CLANG_ENABLE_OBJC_ARC = YES;
				CLANG_ENABLE_OBJC_WEAK = YES;
				CLANG_WARN_BLOCK_CAPTURE_AUTORELEASING = YES;
				CLANG_WARN_BOOL_CONVERSION = YES;
				CLANG_WARN_COMMA = YES;
				CLANG_WARN_CONSTANT_CONVERSION = YES;
				CLANG_WARN_DEPRECATED_OBJC_IMPLEMENTATIONS = YES;
				CLANG_WARN_DIRECT_OBJC_ISA_USAGE = YES_ERROR;
				CLANG_WARN_DOCUMENTATION_COMMENTS = YES;
				CLANG_WARN_EMPTY_BODY = YES;
				CLANG_WARN_ENUM_CONVERSION = YES;
				CLANG_WARN_INFINITE_RECURSION = YES;
				CLANG_WARN_INT_CONVERSION = YES;
				CLANG_WARN_NON_LITERAL_NULL_CONVERSION = YES;
				CLANG_WARN_OBJC_IMPLICIT_RETAIN_SELF = YES;
				CLANG_WARN_OBJC_LITERAL_CONVERSION = YES;
				CLANG_WARN_OBJC_ROOT_CLASS = YES_ERROR;
				CLANG_WARN_QUOTED_INCLUDE_IN_FRAMEWORK_HEADER = YES;
				CLANG_WARN_RANGE_LOOP_ANALYSIS = YES;
				CLANG_WARN_STRICT_PROTOTYPES = YES;
				CLANG_WARN_SUSPICIOUS_MOVE = YES;
				CLANG_WARN_UNGUARDED_AVAILABILITY = YES_AGGRESSIVE;
				CLANG_WARN_UNREACHABLE_CODE = YES;
				CLANG_WARN__DUPLICATE_METHOD_MATCH = YES;
				COPY_PHASE_STRIP = NO;
				DEBUG_INFORMATION_FORMAT = "dwarf-with-dsym";
				ENABLE_NS_ASSERTIONS = NO;
				ENABLE_STRICT_OBJC_MSGSEND = YES;
				GCC_C_LANGUAGE_STANDARD = gnu11;
				GCC_NO_COMMON_BLOCKS = YES;
				GCC_WARN_64_TO_32_BIT_CONVERSION = YES;
				GCC_WARN_ABOUT_RETURN_TYPE = YES_ERROR;
				GCC_WARN_UNDECLARED_SELECTOR = YES;
				GCC_WARN_UNINITIALIZED_AUTOS = YES_AGGRESSIVE;
				GCC_WARN_UNUSED_FUNCTION = YES;
				GCC_WARN_UNUSED_VARIABLE = YES;
				IPHONEOS_DEPLOYMENT_TARGET = 16.1;
				MTL_ENABLE_DEBUG_INFO = NO;
				MTL_FAST_MATH = YES;
				SDKROOT = iphoneos;
				SWIFT_COMPILATION_MODE = wholemodule;
				SWIFT_OPTIMIZATION_LEVEL = "-O";
				VALIDATE_PRODUCT = YES;
			};
			name = Release;
		};
		328AF02A29498366000717C1 /* Debug */ = {
			isa = XCBuildConfiguration;
			buildSettings = {
				ASSETCATALOG_COMPILER_APPICON_NAME = AppIcon;
				ASSETCATALOG_COMPILER_GLOBAL_ACCENT_COLOR_NAME = AccentColor;
				CODE_SIGN_STYLE = Automatic;
				CURRENT_PROJECT_VERSION = 1;
				DEVELOPMENT_TEAM = YPD3TP4P79;
				GENERATE_INFOPLIST_FILE = YES;
				INFOPLIST_FILE = TestProgramaticallyUIKIT/Info.plist;
				INFOPLIST_KEY_UIApplicationSupportsIndirectInputEvents = YES;
				INFOPLIST_KEY_UILaunchStoryboardName = LaunchScreen;
				INFOPLIST_KEY_UISupportedInterfaceOrientations_iPad = "UIInterfaceOrientationPortrait UIInterfaceOrientationPortraitUpsideDown UIInterfaceOrientationLandscapeLeft UIInterfaceOrientationLandscapeRight";
				INFOPLIST_KEY_UISupportedInterfaceOrientations_iPhone = "UIInterfaceOrientationPortrait UIInterfaceOrientationLandscapeLeft UIInterfaceOrientationLandscapeRight";
				LD_RUNPATH_SEARCH_PATHS = (
					"$(inherited)",
					"@executable_path/Frameworks",
				);
				MARKETING_VERSION = 1.0;
				PRODUCT_BUNDLE_IDENTIFIER = com.ist.TestProgramaticallyUIKIT;
				PRODUCT_NAME = "$(TARGET_NAME)";
				SWIFT_EMIT_LOC_STRINGS = YES;
				SWIFT_VERSION = 5.0;
				TARGETED_DEVICE_FAMILY = "1,2";
			};
			name = Debug;
		};
		328AF02B29498366000717C1 /* Release */ = {
			isa = XCBuildConfiguration;
			buildSettings = {
				ASSETCATALOG_COMPILER_APPICON_NAME = AppIcon;
				ASSETCATALOG_COMPILER_GLOBAL_ACCENT_COLOR_NAME = AccentColor;
				CODE_SIGN_STYLE = Automatic;
				CURRENT_PROJECT_VERSION = 1;
				DEVELOPMENT_TEAM = YPD3TP4P79;
				GENERATE_INFOPLIST_FILE = YES;
				INFOPLIST_FILE = TestProgramaticallyUIKIT/Info.plist;
				INFOPLIST_KEY_UIApplicationSupportsIndirectInputEvents = YES;
				INFOPLIST_KEY_UILaunchStoryboardName = LaunchScreen;
				INFOPLIST_KEY_UISupportedInterfaceOrientations_iPad = "UIInterfaceOrientationPortrait UIInterfaceOrientationPortraitUpsideDown UIInterfaceOrientationLandscapeLeft UIInterfaceOrientationLandscapeRight";
				INFOPLIST_KEY_UISupportedInterfaceOrientations_iPhone = "UIInterfaceOrientationPortrait UIInterfaceOrientationLandscapeLeft UIInterfaceOrientationLandscapeRight";
				LD_RUNPATH_SEARCH_PATHS = (
					"$(inherited)",
					"@executable_path/Frameworks",
				);
				MARKETING_VERSION = 1.0;
				PRODUCT_BUNDLE_IDENTIFIER = com.ist.TestProgramaticallyUIKIT;
				PRODUCT_NAME = "$(TARGET_NAME)";
				SWIFT_EMIT_LOC_STRINGS = YES;
				SWIFT_VERSION = 5.0;
				TARGETED_DEVICE_FAMILY = "1,2";
			};
			name = Release;
		};
		328AF02D29498366000717C1 /* Debug */ = {
			isa = XCBuildConfiguration;
			buildSettings = {
				ALWAYS_EMBED_SWIFT_STANDARD_LIBRARIES = YES;
				BUNDLE_LOADER = "$(TEST_HOST)";
				CODE_SIGN_STYLE = Automatic;
				CURRENT_PROJECT_VERSION = 1;
				DEVELOPMENT_TEAM = YPD3TP4P79;
				GENERATE_INFOPLIST_FILE = YES;
				IPHONEOS_DEPLOYMENT_TARGET = 16.1;
				MARKETING_VERSION = 1.0;
				PRODUCT_BUNDLE_IDENTIFIER = com.ist.TestProgramaticallyUIKITTests;
				PRODUCT_NAME = "$(TARGET_NAME)";
				SWIFT_EMIT_LOC_STRINGS = NO;
				SWIFT_VERSION = 5.0;
				TARGETED_DEVICE_FAMILY = "1,2";
				TEST_HOST = "$(BUILT_PRODUCTS_DIR)/TestProgramaticallyUIKIT.app/$(BUNDLE_EXECUTABLE_FOLDER_PATH)/TestProgramaticallyUIKIT";
			};
			name = Debug;
		};
		328AF02E29498366000717C1 /* Release */ = {
			isa = XCBuildConfiguration;
			buildSettings = {
				ALWAYS_EMBED_SWIFT_STANDARD_LIBRARIES = YES;
				BUNDLE_LOADER = "$(TEST_HOST)";
				CODE_SIGN_STYLE = Automatic;
				CURRENT_PROJECT_VERSION = 1;
				DEVELOPMENT_TEAM = YPD3TP4P79;
				GENERATE_INFOPLIST_FILE = YES;
				IPHONEOS_DEPLOYMENT_TARGET = 16.1;
				MARKETING_VERSION = 1.0;
				PRODUCT_BUNDLE_IDENTIFIER = com.ist.TestProgramaticallyUIKITTests;
				PRODUCT_NAME = "$(TARGET_NAME)";
				SWIFT_EMIT_LOC_STRINGS = NO;
				SWIFT_VERSION = 5.0;
				TARGETED_DEVICE_FAMILY = "1,2";
				TEST_HOST = "$(BUILT_PRODUCTS_DIR)/TestProgramaticallyUIKIT.app/$(BUNDLE_EXECUTABLE_FOLDER_PATH)/TestProgramaticallyUIKIT";
			};
			name = Release;
		};
		328AF03029498366000717C1 /* Debug */ = {
			isa = XCBuildConfiguration;
			buildSettings = {
				ALWAYS_EMBED_SWIFT_STANDARD_LIBRARIES = YES;
				CODE_SIGN_STYLE = Automatic;
				CURRENT_PROJECT_VERSION = 1;
				DEVELOPMENT_TEAM = YPD3TP4P79;
				GENERATE_INFOPLIST_FILE = YES;
				MARKETING_VERSION = 1.0;
				PRODUCT_BUNDLE_IDENTIFIER = com.ist.TestProgramaticallyUIKITUITests;
				PRODUCT_NAME = "$(TARGET_NAME)";
				SWIFT_EMIT_LOC_STRINGS = NO;
				SWIFT_VERSION = 5.0;
				TARGETED_DEVICE_FAMILY = "1,2";
				TEST_TARGET_NAME = TestProgramaticallyUIKIT;
			};
			name = Debug;
		};
		328AF03129498366000717C1 /* Release */ = {
			isa = XCBuildConfiguration;
			buildSettings = {
				ALWAYS_EMBED_SWIFT_STANDARD_LIBRARIES = YES;
				CODE_SIGN_STYLE = Automatic;
				CURRENT_PROJECT_VERSION = 1;
				DEVELOPMENT_TEAM = YPD3TP4P79;
				GENERATE_INFOPLIST_FILE = YES;
				MARKETING_VERSION = 1.0;
				PRODUCT_BUNDLE_IDENTIFIER = com.ist.TestProgramaticallyUIKITUITests;
				PRODUCT_NAME = "$(TARGET_NAME)";
				SWIFT_EMIT_LOC_STRINGS = NO;
				SWIFT_VERSION = 5.0;
				TARGETED_DEVICE_FAMILY = "1,2";
				TEST_TARGET_NAME = TestProgramaticallyUIKIT;
			};
			name = Release;
		};
/* End XCBuildConfiguration section */

/* Begin XCConfigurationList section */
		328AEFFA29498365000717C1 /* Build configuration list for PBXProject "TestProgramaticallyUIKIT" */ = {
			isa = XCConfigurationList;
			buildConfigurations = (
				328AF02729498366000717C1 /* Debug */,
				328AF02829498366000717C1 /* Release */,
			);
			defaultConfigurationIsVisible = 0;
			defaultConfigurationName = Release;
		};
		328AF02929498366000717C1 /* Build configuration list for PBXNativeTarget "TestProgramaticallyUIKIT" */ = {
			isa = XCConfigurationList;
			buildConfigurations = (
				328AF02A29498366000717C1 /* Debug */,
				328AF02B29498366000717C1 /* Release */,
			);
			defaultConfigurationIsVisible = 0;
			defaultConfigurationName = Release;
		};
		328AF02C29498366000717C1 /* Build configuration list for PBXNativeTarget "TestProgramaticallyUIKITTests" */ = {
			isa = XCConfigurationList;
			buildConfigurations = (
				328AF02D29498366000717C1 /* Debug */,
				328AF02E29498366000717C1 /* Release */,
			);
			defaultConfigurationIsVisible = 0;
			defaultConfigurationName = Release;
		};
		328AF02F29498366000717C1 /* Build configuration list for PBXNativeTarget "TestProgramaticallyUIKITUITests" */ = {
			isa = XCConfigurationList;
			buildConfigurations = (
				328AF03029498366000717C1 /* Debug */,
				328AF03129498366000717C1 /* Release */,
			);
			defaultConfigurationIsVisible = 0;
			defaultConfigurationName = Release;
		};
/* End XCConfigurationList section */
	};
	rootObject = 328AEFF729498365000717C1 /* Project object */;
}
